{"packages":{"web_components":{"version":"0.2.7","source":"hosted","description":"web_components"},"logging":{"version":"0.0.0-r.15369","source":"sdk","description":"logging"},"html5lib":{"version":"0.2.1","source":"hosted","description":"html5lib"},"js":{"version":"0.0.11","source":"hosted","description":"js"},"unittest":{"version":"0.0.0-r.15369","source":"sdk","description":"unittest"},"args":{"version":"0.0.0-r.15369","source":"sdk","description":"args"},"meta":{"version":"0.0.0-r.15369","source":"sdk","description":"meta"}}}